// !$*UTF8*$!
{
	archiveVersion = 1;
	classes = {
	};
	objectVersion = 46;
	objects = {

/* Begin PBXBuildFile section */
		1406F9671CBB0AFF00885698 /* AppDelegate.swift in Sources */ = {isa = PBXBuildFile; fileRef = 1406F9661CBB0AFF00885698 /* AppDelegate.swift */; };
		1406F96C1CBB0AFF00885698 /* Main.storyboard in Resources */ = {isa = PBXBuildFile; fileRef = 1406F96A1CBB0AFF00885698 /* Main.storyboard */; };
		1406F96F1CBB0AFF00885698 /* TunetagModel.xcdatamodeld in Sources */ = {isa = PBXBuildFile; fileRef = 1406F96D1CBB0AFF00885698 /* TunetagModel.xcdatamodeld */; };
		1406F9711CBB0AFF00885698 /* Assets.xcassets in Resources */ = {isa = PBXBuildFile; fileRef = 1406F9701CBB0AFF00885698 /* Assets.xcassets */; };
		1406F9741CBB0AFF00885698 /* LaunchScreen.storyboard in Resources */ = {isa = PBXBuildFile; fileRef = 1406F9721CBB0AFF00885698 /* LaunchScreen.storyboard */; };
		1406F97F1CBB0AFF00885698 /* TunetagTests.swift in Sources */ = {isa = PBXBuildFile; fileRef = 1406F97E1CBB0AFF00885698 /* TunetagTests.swift */; };
		1406F98A1CBB0AFF00885698 /* TunetagUITests.swift in Sources */ = {isa = PBXBuildFile; fileRef = 1406F9891CBB0AFF00885698 /* TunetagUITests.swift */; };
		1406F9A41CBB124700885698 /* Tune.swift in Sources */ = {isa = PBXBuildFile; fileRef = 1406F9A31CBB124700885698 /* Tune.swift */; };
		1406F9A61CBB132300885698 /* Tag.swift in Sources */ = {isa = PBXBuildFile; fileRef = 1406F9A51CBB132300885698 /* Tag.swift */; };
		1406F9A81CBB13F500885698 /* Genre.swift in Sources */ = {isa = PBXBuildFile; fileRef = 1406F9A71CBB13F500885698 /* Genre.swift */; };
		1406F9B01CBB17B900885698 /* AVFoundation.framework in Frameworks */ = {isa = PBXBuildFile; fileRef = 1406F9AF1CBB17B900885698 /* AVFoundation.framework */; };
		1406F9B21CBB17FC00885698 /* Spotify.framework in Frameworks */ = {isa = PBXBuildFile; fileRef = 1406F9B11CBB17FC00885698 /* Spotify.framework */; };
		1475AC421CC8400300B7A65B /* Extensions.swift in Sources */ = {isa = PBXBuildFile; fileRef = 1475AC411CC8400300B7A65B /* Extensions.swift */; };
		1475AC441CCAE97300B7A65B /* Spotify.swift in Sources */ = {isa = PBXBuildFile; fileRef = 1475AC431CCAE97300B7A65B /* Spotify.swift */; };
		1475AC471CCC8C8F00B7A65B /* AWS.swift in Sources */ = {isa = PBXBuildFile; fileRef = 1475AC461CCC8C8F00B7A65B /* AWS.swift */; };
		1475AC491CCF0E5A00B7A65B /* TuneTableView.swift in Sources */ = {isa = PBXBuildFile; fileRef = 1475AC481CCF0E5A00B7A65B /* TuneTableView.swift */; };
		1475AC4B1CD4F71900B7A65B /* Keychain.swift in Sources */ = {isa = PBXBuildFile; fileRef = 1475AC4A1CD4F71900B7A65B /* Keychain.swift */; };
		1475AC4D1CD4FEB900B7A65B /* KeychainItem.swift in Sources */ = {isa = PBXBuildFile; fileRef = 1475AC4C1CD4FEB900B7A65B /* KeychainItem.swift */; };
		1475AC4F1CD4FF1C00B7A65B /* KeychainToken.swift in Sources */ = {isa = PBXBuildFile; fileRef = 1475AC4E1CD4FF1C00B7A65B /* KeychainToken.swift */; };
		1475AC511CD4FF2D00B7A65B /* KaychainCredentials.swift in Sources */ = {isa = PBXBuildFile; fileRef = 1475AC501CD4FF2D00B7A65B /* KaychainCredentials.swift */; };
		14A51F231CBB1ADB00F4E7A4 /* TuneManagerVC.swift in Sources */ = {isa = PBXBuildFile; fileRef = 14A51F221CBB1ADB00F4E7A4 /* TuneManagerVC.swift */; };
		14A51F251CBB2A5500F4E7A4 /* Constants.swift in Sources */ = {isa = PBXBuildFile; fileRef = 14A51F241CBB2A5500F4E7A4 /* Constants.swift */; };
		14A51FB61CC4109100F4E7A4 /* AWSAPIGateway.framework in Frameworks */ = {isa = PBXBuildFile; fileRef = 14A51FA51CC4109100F4E7A4 /* AWSAPIGateway.framework */; };
		14A51FB71CC4109100F4E7A4 /* AWSAutoScaling.framework in Frameworks */ = {isa = PBXBuildFile; fileRef = 14A51FA61CC4109100F4E7A4 /* AWSAutoScaling.framework */; };
		14A51FB81CC4109100F4E7A4 /* AWSCloudWatch.framework in Frameworks */ = {isa = PBXBuildFile; fileRef = 14A51FA71CC4109100F4E7A4 /* AWSCloudWatch.framework */; };
		14A51FB91CC4109100F4E7A4 /* AWSCore.framework in Frameworks */ = {isa = PBXBuildFile; fileRef = 14A51FA81CC4109100F4E7A4 /* AWSCore.framework */; };
		14A51FBA1CC4109100F4E7A4 /* AWSDynamoDB.framework in Frameworks */ = {isa = PBXBuildFile; fileRef = 14A51FA91CC4109100F4E7A4 /* AWSDynamoDB.framework */; };
		14A51FBB1CC4109100F4E7A4 /* AWSEC2.framework in Frameworks */ = {isa = PBXBuildFile; fileRef = 14A51FAA1CC4109100F4E7A4 /* AWSEC2.framework */; };
		14A51FBC1CC4109100F4E7A4 /* AWSElasticLoadBalancing.framework in Frameworks */ = {isa = PBXBuildFile; fileRef = 14A51FAB1CC4109100F4E7A4 /* AWSElasticLoadBalancing.framework */; };
		14A51FBD1CC4109100F4E7A4 /* AWSIoT.framework in Frameworks */ = {isa = PBXBuildFile; fileRef = 14A51FAC1CC4109100F4E7A4 /* AWSIoT.framework */; };
		14A51FBE1CC4109100F4E7A4 /* AWSKinesis.framework in Frameworks */ = {isa = PBXBuildFile; fileRef = 14A51FAD1CC4109100F4E7A4 /* AWSKinesis.framework */; };
		14A51FBF1CC4109100F4E7A4 /* AWSLambda.framework in Frameworks */ = {isa = PBXBuildFile; fileRef = 14A51FAE1CC4109100F4E7A4 /* AWSLambda.framework */; };
		14A51FC01CC4109100F4E7A4 /* AWSMachineLearning.framework in Frameworks */ = {isa = PBXBuildFile; fileRef = 14A51FAF1CC4109100F4E7A4 /* AWSMachineLearning.framework */; };
		14A51FC11CC4109100F4E7A4 /* AWSMobileAnalytics.framework in Frameworks */ = {isa = PBXBuildFile; fileRef = 14A51FB01CC4109100F4E7A4 /* AWSMobileAnalytics.framework */; };
		14A51FC21CC4109100F4E7A4 /* AWSS3.framework in Frameworks */ = {isa = PBXBuildFile; fileRef = 14A51FB11CC4109100F4E7A4 /* AWSS3.framework */; };
		14A51FC31CC4109100F4E7A4 /* AWSSES.framework in Frameworks */ = {isa = PBXBuildFile; fileRef = 14A51FB21CC4109100F4E7A4 /* AWSSES.framework */; };
		14A51FC41CC4109100F4E7A4 /* AWSSimpleDB.framework in Frameworks */ = {isa = PBXBuildFile; fileRef = 14A51FB31CC4109100F4E7A4 /* AWSSimpleDB.framework */; };
		14A51FC51CC4109100F4E7A4 /* AWSSNS.framework in Frameworks */ = {isa = PBXBuildFile; fileRef = 14A51FB41CC4109100F4E7A4 /* AWSSNS.framework */; };
		14A51FC61CC4109200F4E7A4 /* AWSSQS.framework in Frameworks */ = {isa = PBXBuildFile; fileRef = 14A51FB51CC4109100F4E7A4 /* AWSSQS.framework */; };
		14A51FC81CC410A100F4E7A4 /* AWSCognito.framework in Frameworks */ = {isa = PBXBuildFile; fileRef = 14A51FC71CC410A100F4E7A4 /* AWSCognito.framework */; };
		14A51FCA1CC410C700F4E7A4 /* libsqlite3.tbd in Frameworks */ = {isa = PBXBuildFile; fileRef = 14A51FC91CC410C700F4E7A4 /* libsqlite3.tbd */; };
		14A51FCC1CC410CD00F4E7A4 /* libz.tbd in Frameworks */ = {isa = PBXBuildFile; fileRef = 14A51FCB1CC410CD00F4E7A4 /* libz.tbd */; };
/* End PBXBuildFile section */

/* Begin PBXContainerItemProxy section */
		1406F97B1CBB0AFF00885698 /* PBXContainerItemProxy */ = {
			isa = PBXContainerItemProxy;
			containerPortal = 1406F95B1CBB0AFF00885698 /* Project object */;
			proxyType = 1;
			remoteGlobalIDString = 1406F9621CBB0AFF00885698;
			remoteInfo = Tunetag;
		};
		1406F9861CBB0AFF00885698 /* PBXContainerItemProxy */ = {
			isa = PBXContainerItemProxy;
			containerPortal = 1406F95B1CBB0AFF00885698 /* Project object */;
			proxyType = 1;
			remoteGlobalIDString = 1406F9621CBB0AFF00885698;
			remoteInfo = Tunetag;
		};
/* End PBXContainerItemProxy section */

/* Begin PBXFileReference section */
		1406F9631CBB0AFF00885698 /* Tunetag.app */ = {isa = PBXFileReference; explicitFileType = wrapper.application; includeInIndex = 0; path = Tunetag.app; sourceTree = BUILT_PRODUCTS_DIR; };
		1406F9661CBB0AFF00885698 /* AppDelegate.swift */ = {isa = PBXFileReference; lastKnownFileType = sourcecode.swift; path = AppDelegate.swift; sourceTree = "<group>"; };
		1406F96B1CBB0AFF00885698 /* Base */ = {isa = PBXFileReference; lastKnownFileType = file.storyboard; name = Base; path = Base.lproj/Main.storyboard; sourceTree = "<group>"; };
		1406F96E1CBB0AFF00885698 /* Tunetag.xcdatamodel */ = {isa = PBXFileReference; lastKnownFileType = wrapper.xcdatamodel; path = Tunetag.xcdatamodel; sourceTree = "<group>"; };
		1406F9701CBB0AFF00885698 /* Assets.xcassets */ = {isa = PBXFileReference; lastKnownFileType = folder.assetcatalog; path = Assets.xcassets; sourceTree = "<group>"; };
		1406F9731CBB0AFF00885698 /* Base */ = {isa = PBXFileReference; lastKnownFileType = file.storyboard; name = Base; path = Base.lproj/LaunchScreen.storyboard; sourceTree = "<group>"; };
		1406F9751CBB0AFF00885698 /* Info.plist */ = {isa = PBXFileReference; lastKnownFileType = text.plist.xml; path = Info.plist; sourceTree = "<group>"; };
		1406F97A1CBB0AFF00885698 /* TunetagTests.xctest */ = {isa = PBXFileReference; explicitFileType = wrapper.cfbundle; includeInIndex = 0; path = TunetagTests.xctest; sourceTree = BUILT_PRODUCTS_DIR; };
		1406F97E1CBB0AFF00885698 /* TunetagTests.swift */ = {isa = PBXFileReference; lastKnownFileType = sourcecode.swift; path = TunetagTests.swift; sourceTree = "<group>"; };
		1406F9801CBB0AFF00885698 /* Info.plist */ = {isa = PBXFileReference; lastKnownFileType = text.plist.xml; path = Info.plist; sourceTree = "<group>"; };
		1406F9851CBB0AFF00885698 /* TunetagUITests.xctest */ = {isa = PBXFileReference; explicitFileType = wrapper.cfbundle; includeInIndex = 0; path = TunetagUITests.xctest; sourceTree = BUILT_PRODUCTS_DIR; };
		1406F9891CBB0AFF00885698 /* TunetagUITests.swift */ = {isa = PBXFileReference; lastKnownFileType = sourcecode.swift; path = TunetagUITests.swift; sourceTree = "<group>"; };
		1406F98B1CBB0AFF00885698 /* Info.plist */ = {isa = PBXFileReference; lastKnownFileType = text.plist.xml; path = Info.plist; sourceTree = "<group>"; };
		1406F99A1CBB116B00885698 /* Tunetag-Bridging-Header.h */ = {isa = PBXFileReference; lastKnownFileType = sourcecode.c.h; path = "Tunetag-Bridging-Header.h"; sourceTree = "<group>"; };
		1406F9A31CBB124700885698 /* Tune.swift */ = {isa = PBXFileReference; fileEncoding = 4; lastKnownFileType = sourcecode.swift; path = Tune.swift; sourceTree = "<group>"; };
		1406F9A51CBB132300885698 /* Tag.swift */ = {isa = PBXFileReference; fileEncoding = 4; lastKnownFileType = sourcecode.swift; path = Tag.swift; sourceTree = "<group>"; };
		1406F9A71CBB13F500885698 /* Genre.swift */ = {isa = PBXFileReference; fileEncoding = 4; lastKnownFileType = sourcecode.swift; path = Genre.swift; sourceTree = "<group>"; };
		1406F9AF1CBB17B900885698 /* AVFoundation.framework */ = {isa = PBXFileReference; lastKnownFileType = wrapper.framework; name = AVFoundation.framework; path = System/Library/Frameworks/AVFoundation.framework; sourceTree = SDKROOT; };
		1406F9B11CBB17FC00885698 /* Spotify.framework */ = {isa = PBXFileReference; lastKnownFileType = wrapper.framework; path = Spotify.framework; sourceTree = "<group>"; };
		1475AC411CC8400300B7A65B /* Extensions.swift */ = {isa = PBXFileReference; fileEncoding = 4; lastKnownFileType = sourcecode.swift; path = Extensions.swift; sourceTree = "<group>"; };
		1475AC431CCAE97300B7A65B /* Spotify.swift */ = {isa = PBXFileReference; fileEncoding = 4; lastKnownFileType = sourcecode.swift; path = Spotify.swift; sourceTree = "<group>"; };
		1475AC461CCC8C8F00B7A65B /* AWS.swift */ = {isa = PBXFileReference; fileEncoding = 4; lastKnownFileType = sourcecode.swift; path = AWS.swift; sourceTree = "<group>"; };
		1475AC481CCF0E5A00B7A65B /* TuneTableView.swift */ = {isa = PBXFileReference; fileEncoding = 4; lastKnownFileType = sourcecode.swift; path = TuneTableView.swift; sourceTree = "<group>"; };
		1475AC4A1CD4F71900B7A65B /* Keychain.swift */ = {isa = PBXFileReference; fileEncoding = 4; lastKnownFileType = sourcecode.swift; path = Keychain.swift; sourceTree = "<group>"; };
		1475AC4C1CD4FEB900B7A65B /* KeychainItem.swift */ = {isa = PBXFileReference; fileEncoding = 4; lastKnownFileType = sourcecode.swift; path = KeychainItem.swift; sourceTree = "<group>"; };
		1475AC4E1CD4FF1C00B7A65B /* KeychainToken.swift */ = {isa = PBXFileReference; fileEncoding = 4; lastKnownFileType = sourcecode.swift; path = KeychainToken.swift; sourceTree = "<group>"; };
		1475AC501CD4FF2D00B7A65B /* KaychainCredentials.swift */ = {isa = PBXFileReference; fileEncoding = 4; lastKnownFileType = sourcecode.swift; path = KaychainCredentials.swift; sourceTree = "<group>"; };
		1475AC551CD669DA00B7A65B /* Tunetag.entitlements */ = {isa = PBXFileReference; lastKnownFileType = text.xml; path = Tunetag.entitlements; sourceTree = "<group>"; };
		14A51F221CBB1ADB00F4E7A4 /* TuneManagerVC.swift */ = {isa = PBXFileReference; fileEncoding = 4; lastKnownFileType = sourcecode.swift; path = TuneManagerVC.swift; sourceTree = "<group>"; };
		14A51F241CBB2A5500F4E7A4 /* Constants.swift */ = {isa = PBXFileReference; fileEncoding = 4; lastKnownFileType = sourcecode.swift; path = Constants.swift; sourceTree = "<group>"; };
		14A51FA51CC4109100F4E7A4 /* AWSAPIGateway.framework */ = {isa = PBXFileReference; lastKnownFileType = wrapper.framework; name = AWSAPIGateway.framework; path = frameworks/AWSAPIGateway.framework; sourceTree = "<group>"; };
		14A51FA61CC4109100F4E7A4 /* AWSAutoScaling.framework */ = {isa = PBXFileReference; lastKnownFileType = wrapper.framework; name = AWSAutoScaling.framework; path = frameworks/AWSAutoScaling.framework; sourceTree = "<group>"; };
		14A51FA71CC4109100F4E7A4 /* AWSCloudWatch.framework */ = {isa = PBXFileReference; lastKnownFileType = wrapper.framework; name = AWSCloudWatch.framework; path = frameworks/AWSCloudWatch.framework; sourceTree = "<group>"; };
		14A51FA81CC4109100F4E7A4 /* AWSCore.framework */ = {isa = PBXFileReference; lastKnownFileType = wrapper.framework; name = AWSCore.framework; path = frameworks/AWSCore.framework; sourceTree = "<group>"; };
		14A51FA91CC4109100F4E7A4 /* AWSDynamoDB.framework */ = {isa = PBXFileReference; lastKnownFileType = wrapper.framework; name = AWSDynamoDB.framework; path = frameworks/AWSDynamoDB.framework; sourceTree = "<group>"; };
		14A51FAA1CC4109100F4E7A4 /* AWSEC2.framework */ = {isa = PBXFileReference; lastKnownFileType = wrapper.framework; name = AWSEC2.framework; path = frameworks/AWSEC2.framework; sourceTree = "<group>"; };
		14A51FAB1CC4109100F4E7A4 /* AWSElasticLoadBalancing.framework */ = {isa = PBXFileReference; lastKnownFileType = wrapper.framework; name = AWSElasticLoadBalancing.framework; path = frameworks/AWSElasticLoadBalancing.framework; sourceTree = "<group>"; };
		14A51FAC1CC4109100F4E7A4 /* AWSIoT.framework */ = {isa = PBXFileReference; lastKnownFileType = wrapper.framework; name = AWSIoT.framework; path = frameworks/AWSIoT.framework; sourceTree = "<group>"; };
		14A51FAD1CC4109100F4E7A4 /* AWSKinesis.framework */ = {isa = PBXFileReference; lastKnownFileType = wrapper.framework; name = AWSKinesis.framework; path = frameworks/AWSKinesis.framework; sourceTree = "<group>"; };
		14A51FAE1CC4109100F4E7A4 /* AWSLambda.framework */ = {isa = PBXFileReference; lastKnownFileType = wrapper.framework; name = AWSLambda.framework; path = frameworks/AWSLambda.framework; sourceTree = "<group>"; };
		14A51FAF1CC4109100F4E7A4 /* AWSMachineLearning.framework */ = {isa = PBXFileReference; lastKnownFileType = wrapper.framework; name = AWSMachineLearning.framework; path = frameworks/AWSMachineLearning.framework; sourceTree = "<group>"; };
		14A51FB01CC4109100F4E7A4 /* AWSMobileAnalytics.framework */ = {isa = PBXFileReference; lastKnownFileType = wrapper.framework; name = AWSMobileAnalytics.framework; path = frameworks/AWSMobileAnalytics.framework; sourceTree = "<group>"; };
		14A51FB11CC4109100F4E7A4 /* AWSS3.framework */ = {isa = PBXFileReference; lastKnownFileType = wrapper.framework; name = AWSS3.framework; path = frameworks/AWSS3.framework; sourceTree = "<group>"; };
		14A51FB21CC4109100F4E7A4 /* AWSSES.framework */ = {isa = PBXFileReference; lastKnownFileType = wrapper.framework; name = AWSSES.framework; path = frameworks/AWSSES.framework; sourceTree = "<group>"; };
		14A51FB31CC4109100F4E7A4 /* AWSSimpleDB.framework */ = {isa = PBXFileReference; lastKnownFileType = wrapper.framework; name = AWSSimpleDB.framework; path = frameworks/AWSSimpleDB.framework; sourceTree = "<group>"; };
		14A51FB41CC4109100F4E7A4 /* AWSSNS.framework */ = {isa = PBXFileReference; lastKnownFileType = wrapper.framework; name = AWSSNS.framework; path = frameworks/AWSSNS.framework; sourceTree = "<group>"; };
		14A51FB51CC4109100F4E7A4 /* AWSSQS.framework */ = {isa = PBXFileReference; lastKnownFileType = wrapper.framework; name = AWSSQS.framework; path = frameworks/AWSSQS.framework; sourceTree = "<group>"; };
		14A51FC71CC410A100F4E7A4 /* AWSCognito.framework */ = {isa = PBXFileReference; lastKnownFileType = wrapper.framework; name = AWSCognito.framework; path = frameworks/extras/AWSCognito.framework; sourceTree = "<group>"; };
		14A51FC91CC410C700F4E7A4 /* libsqlite3.tbd */ = {isa = PBXFileReference; lastKnownFileType = "sourcecode.text-based-dylib-definition"; name = libsqlite3.tbd; path = usr/lib/libsqlite3.tbd; sourceTree = SDKROOT; };
		14A51FCB1CC410CD00F4E7A4 /* libz.tbd */ = {isa = PBXFileReference; lastKnownFileType = "sourcecode.text-based-dylib-definition"; name = libz.tbd; path = usr/lib/libz.tbd; sourceTree = SDKROOT; };
/* End PBXFileReference section */

/* Begin PBXFrameworksBuildPhase section */
		1406F9601CBB0AFF00885698 /* Frameworks */ = {
			isa = PBXFrameworksBuildPhase;
			buildActionMask = 2147483647;
			files = (
				14A51FCC1CC410CD00F4E7A4 /* libz.tbd in Frameworks */,
				14A51FCA1CC410C700F4E7A4 /* libsqlite3.tbd in Frameworks */,
				14A51FC61CC4109200F4E7A4 /* AWSSQS.framework in Frameworks */,
				14A51FB81CC4109100F4E7A4 /* AWSCloudWatch.framework in Frameworks */,
				14A51FC51CC4109100F4E7A4 /* AWSSNS.framework in Frameworks */,
				14A51FBB1CC4109100F4E7A4 /* AWSEC2.framework in Frameworks */,
				14A51FC31CC4109100F4E7A4 /* AWSSES.framework in Frameworks */,
				14A51FB61CC4109100F4E7A4 /* AWSAPIGateway.framework in Frameworks */,
				14A51FBF1CC4109100F4E7A4 /* AWSLambda.framework in Frameworks */,
				14A51FBD1CC4109100F4E7A4 /* AWSIoT.framework in Frameworks */,
				14A51FB71CC4109100F4E7A4 /* AWSAutoScaling.framework in Frameworks */,
				14A51FBC1CC4109100F4E7A4 /* AWSElasticLoadBalancing.framework in Frameworks */,
				14A51FC11CC4109100F4E7A4 /* AWSMobileAnalytics.framework in Frameworks */,
				14A51FC01CC4109100F4E7A4 /* AWSMachineLearning.framework in Frameworks */,
				14A51FBE1CC4109100F4E7A4 /* AWSKinesis.framework in Frameworks */,
				1406F9B01CBB17B900885698 /* AVFoundation.framework in Frameworks */,
				14A51FC81CC410A100F4E7A4 /* AWSCognito.framework in Frameworks */,
				14A51FC41CC4109100F4E7A4 /* AWSSimpleDB.framework in Frameworks */,
				1406F9B21CBB17FC00885698 /* Spotify.framework in Frameworks */,
				14A51FBA1CC4109100F4E7A4 /* AWSDynamoDB.framework in Frameworks */,
				14A51FB91CC4109100F4E7A4 /* AWSCore.framework in Frameworks */,
				14A51FC21CC4109100F4E7A4 /* AWSS3.framework in Frameworks */,
			);
			runOnlyForDeploymentPostprocessing = 0;
		};
		1406F9771CBB0AFF00885698 /* Frameworks */ = {
			isa = PBXFrameworksBuildPhase;
			buildActionMask = 2147483647;
			files = (
			);
			runOnlyForDeploymentPostprocessing = 0;
		};
		1406F9821CBB0AFF00885698 /* Frameworks */ = {
			isa = PBXFrameworksBuildPhase;
			buildActionMask = 2147483647;
			files = (
			);
			runOnlyForDeploymentPostprocessing = 0;
		};
/* End PBXFrameworksBuildPhase section */

/* Begin PBXGroup section */
		1406F95A1CBB0AFF00885698 = {
			isa = PBXGroup;
			children = (
				1406F9651CBB0AFF00885698 /* Tunetag */,
				1406F97D1CBB0AFF00885698 /* TunetagTests */,
				1406F9881CBB0AFF00885698 /* TunetagUITests */,
				1406F9641CBB0AFF00885698 /* Products */,
				14A51FA41CC4107C00F4E7A4 /* Frameworks */,
			);
			sourceTree = "<group>";
		};
		1406F9641CBB0AFF00885698 /* Products */ = {
			isa = PBXGroup;
			children = (
				1406F9631CBB0AFF00885698 /* Tunetag.app */,
				1406F97A1CBB0AFF00885698 /* TunetagTests.xctest */,
				1406F9851CBB0AFF00885698 /* TunetagUITests.xctest */,
			);
			name = Products;
			sourceTree = "<group>";
		};
		1406F9651CBB0AFF00885698 /* Tunetag */ = {
			isa = PBXGroup;
			children = (
				1406F96A1CBB0AFF00885698 /* Main.storyboard */,
				14A51F291CBB3C4B00F4E7A4 /* Data */,
				14A51F281CBB3C4300F4E7A4 /* Logic */,
				14A51F271CBB3C3C00F4E7A4 /* Media */,
			);
			path = Tunetag;
			sourceTree = "<group>";
		};
		1406F97D1CBB0AFF00885698 /* TunetagTests */ = {
			isa = PBXGroup;
			children = (
				1406F97E1CBB0AFF00885698 /* TunetagTests.swift */,
				1406F9801CBB0AFF00885698 /* Info.plist */,
			);
			path = TunetagTests;
			sourceTree = "<group>";
		};
		1406F9881CBB0AFF00885698 /* TunetagUITests */ = {
			isa = PBXGroup;
			children = (
				1406F9891CBB0AFF00885698 /* TunetagUITests.swift */,
				1406F98B1CBB0AFF00885698 /* Info.plist */,
			);
			path = TunetagUITests;
			sourceTree = "<group>";
		};
		1475AC451CCAE98E00B7A65B /* Utilities */ = {
			isa = PBXGroup;
			children = (
				1475AC571CD6BC5100B7A65B /* Services */,
				1475AC561CD6BC4200B7A65B /* Keychain */,
				1406F9661CBB0AFF00885698 /* AppDelegate.swift */,
				1475AC411CC8400300B7A65B /* Extensions.swift */,
				1406F99A1CBB116B00885698 /* Tunetag-Bridging-Header.h */,
			);
			name = Utilities;
			sourceTree = "<group>";
		};
		1475AC561CD6BC4200B7A65B /* Keychain */ = {
			isa = PBXGroup;
			children = (
				1475AC4A1CD4F71900B7A65B /* Keychain.swift */,
				1475AC4C1CD4FEB900B7A65B /* KeychainItem.swift */,
				1475AC4E1CD4FF1C00B7A65B /* KeychainToken.swift */,
				1475AC501CD4FF2D00B7A65B /* KaychainCredentials.swift */,
			);
			name = Keychain;
			sourceTree = "<group>";
		};
		1475AC571CD6BC5100B7A65B /* Services */ = {
			isa = PBXGroup;
			children = (
				1475AC461CCC8C8F00B7A65B /* AWS.swift */,
				1475AC431CCAE97300B7A65B /* Spotify.swift */,
			);
			name = Services;
			sourceTree = "<group>";
		};
		14A51F261CBB3C2A00F4E7A4 /* UI */ = {
			isa = PBXGroup;
			children = (
				1475AC481CCF0E5A00B7A65B /* TuneTableView.swift */,
				14A51F221CBB1ADB00F4E7A4 /* TuneManagerVC.swift */,
			);
			name = UI;
			sourceTree = "<group>";
		};
		14A51F271CBB3C3C00F4E7A4 /* Media */ = {
			isa = PBXGroup;
			children = (
				1406F9701CBB0AFF00885698 /* Assets.xcassets */,
			);
			name = Media;
			sourceTree = "<group>";
		};
		14A51F281CBB3C4300F4E7A4 /* Logic */ = {
			isa = PBXGroup;
			children = (
				14A51F241CBB2A5500F4E7A4 /* Constants.swift */,
				1475AC451CCAE98E00B7A65B /* Utilities */,
				14A51F2A1CBB3C7A00F4E7A4 /* CoreData */,
				14A51F261CBB3C2A00F4E7A4 /* UI */,
			);
			name = Logic;
			sourceTree = "<group>";
		};
		14A51F291CBB3C4B00F4E7A4 /* Data */ = {
			isa = PBXGroup;
			children = (
				1475AC551CD669DA00B7A65B /* Tunetag.entitlements */,
				1406F9721CBB0AFF00885698 /* LaunchScreen.storyboard */,
				1406F96D1CBB0AFF00885698 /* TunetagModel.xcdatamodeld */,
				1406F9751CBB0AFF00885698 /* Info.plist */,
			);
			name = Data;
			sourceTree = "<group>";
		};
		14A51F2A1CBB3C7A00F4E7A4 /* CoreData */ = {
			isa = PBXGroup;
			children = (
				1406F9A31CBB124700885698 /* Tune.swift */,
				1406F9A51CBB132300885698 /* Tag.swift */,
				1406F9A71CBB13F500885698 /* Genre.swift */,
			);
			name = CoreData;
			sourceTree = "<group>";
		};
		14A51FA41CC4107C00F4E7A4 /* Frameworks */ = {
			isa = PBXGroup;
			children = (
				14A51FCB1CC410CD00F4E7A4 /* libz.tbd */,
				14A51FC91CC410C700F4E7A4 /* libsqlite3.tbd */,
				14A51FC71CC410A100F4E7A4 /* AWSCognito.framework */,
				14A51FA51CC4109100F4E7A4 /* AWSAPIGateway.framework */,
				14A51FA61CC4109100F4E7A4 /* AWSAutoScaling.framework */,
				14A51FA71CC4109100F4E7A4 /* AWSCloudWatch.framework */,
				14A51FA81CC4109100F4E7A4 /* AWSCore.framework */,
				14A51FA91CC4109100F4E7A4 /* AWSDynamoDB.framework */,
				14A51FAA1CC4109100F4E7A4 /* AWSEC2.framework */,
				14A51FAB1CC4109100F4E7A4 /* AWSElasticLoadBalancing.framework */,
				14A51FAC1CC4109100F4E7A4 /* AWSIoT.framework */,
				14A51FAD1CC4109100F4E7A4 /* AWSKinesis.framework */,
				14A51FAE1CC4109100F4E7A4 /* AWSLambda.framework */,
				14A51FAF1CC4109100F4E7A4 /* AWSMachineLearning.framework */,
				14A51FB01CC4109100F4E7A4 /* AWSMobileAnalytics.framework */,
				14A51FB11CC4109100F4E7A4 /* AWSS3.framework */,
				14A51FB21CC4109100F4E7A4 /* AWSSES.framework */,
				14A51FB31CC4109100F4E7A4 /* AWSSimpleDB.framework */,
				14A51FB41CC4109100F4E7A4 /* AWSSNS.framework */,
				14A51FB51CC4109100F4E7A4 /* AWSSQS.framework */,
				1406F9AF1CBB17B900885698 /* AVFoundation.framework */,
				1406F9B11CBB17FC00885698 /* Spotify.framework */,
			);
			name = Frameworks;
			sourceTree = "<group>";
		};
/* End PBXGroup section */

/* Begin PBXNativeTarget section */
		1406F9621CBB0AFF00885698 /* Tunetag */ = {
			isa = PBXNativeTarget;
			buildConfigurationList = 1406F98E1CBB0AFF00885698 /* Build configuration list for PBXNativeTarget "Tunetag" */;
			buildPhases = (
				1406F95F1CBB0AFF00885698 /* Sources */,
				1406F9601CBB0AFF00885698 /* Frameworks */,
				1406F9611CBB0AFF00885698 /* Resources */,
				1475AC521CD504CC00B7A65B /* ShellScript */,
			);
			buildRules = (
			);
			dependencies = (
			);
			name = Tunetag;
			productName = Tunetag;
			productReference = 1406F9631CBB0AFF00885698 /* Tunetag.app */;
			productType = "com.apple.product-type.application";
		};
		1406F9791CBB0AFF00885698 /* TunetagTests */ = {
			isa = PBXNativeTarget;
			buildConfigurationList = 1406F9911CBB0AFF00885698 /* Build configuration list for PBXNativeTarget "TunetagTests" */;
			buildPhases = (
				1406F9761CBB0AFF00885698 /* Sources */,
				1406F9771CBB0AFF00885698 /* Frameworks */,
				1406F9781CBB0AFF00885698 /* Resources */,
			);
			buildRules = (
			);
			dependencies = (
				1406F97C1CBB0AFF00885698 /* PBXTargetDependency */,
			);
			name = TunetagTests;
			productName = TunetagTests;
			productReference = 1406F97A1CBB0AFF00885698 /* TunetagTests.xctest */;
			productType = "com.apple.product-type.bundle.unit-test";
		};
		1406F9841CBB0AFF00885698 /* TunetagUITests */ = {
			isa = PBXNativeTarget;
			buildConfigurationList = 1406F9941CBB0AFF00885698 /* Build configuration list for PBXNativeTarget "TunetagUITests" */;
			buildPhases = (
				1406F9811CBB0AFF00885698 /* Sources */,
				1406F9821CBB0AFF00885698 /* Frameworks */,
				1406F9831CBB0AFF00885698 /* Resources */,
			);
			buildRules = (
			);
			dependencies = (
				1406F9871CBB0AFF00885698 /* PBXTargetDependency */,
			);
			name = TunetagUITests;
			productName = TunetagUITests;
			productReference = 1406F9851CBB0AFF00885698 /* TunetagUITests.xctest */;
			productType = "com.apple.product-type.bundle.ui-testing";
		};
/* End PBXNativeTarget section */

/* Begin PBXProject section */
		1406F95B1CBB0AFF00885698 /* Project object */ = {
			isa = PBXProject;
			attributes = {
				LastSwiftUpdateCheck = 0730;
				LastUpgradeCheck = 0830;
				ORGANIZATIONNAME = "Sean Fitzgerald";
				TargetAttributes = {
					1406F9621CBB0AFF00885698 = {
						CreatedOnToolsVersion = 7.3;
						DevelopmentTeam = PTAUHZ2E6Z;
						LastSwiftMigration = 0830;
						SystemCapabilities = {
							com.apple.Keychain = {
								enabled = 1;
							};
						};
					};
					1406F9791CBB0AFF00885698 = {
						CreatedOnToolsVersion = 7.3;
						LastSwiftMigration = 0830;
						TestTargetID = 1406F9621CBB0AFF00885698;
					};
					1406F9841CBB0AFF00885698 = {
						CreatedOnToolsVersion = 7.3;
						LastSwiftMigration = 0830;
						TestTargetID = 1406F9621CBB0AFF00885698;
					};
				};
			};
			buildConfigurationList = 1406F95E1CBB0AFF00885698 /* Build configuration list for PBXProject "Tunetag" */;
			compatibilityVersion = "Xcode 3.2";
			developmentRegion = English;
			hasScannedForEncodings = 0;
			knownRegions = (
				en,
				Base,
			);
			mainGroup = 1406F95A1CBB0AFF00885698;
			productRefGroup = 1406F9641CBB0AFF00885698 /* Products */;
			projectDirPath = "";
			projectRoot = "";
			targets = (
				1406F9621CBB0AFF00885698 /* Tunetag */,
				1406F9791CBB0AFF00885698 /* TunetagTests */,
				1406F9841CBB0AFF00885698 /* TunetagUITests */,
			);
		};
/* End PBXProject section */

/* Begin PBXResourcesBuildPhase section */
		1406F9611CBB0AFF00885698 /* Resources */ = {
			isa = PBXResourcesBuildPhase;
			buildActionMask = 2147483647;
			files = (
				1406F9741CBB0AFF00885698 /* LaunchScreen.storyboard in Resources */,
				1406F9711CBB0AFF00885698 /* Assets.xcassets in Resources */,
				1406F96C1CBB0AFF00885698 /* Main.storyboard in Resources */,
			);
			runOnlyForDeploymentPostprocessing = 0;
		};
		1406F9781CBB0AFF00885698 /* Resources */ = {
			isa = PBXResourcesBuildPhase;
			buildActionMask = 2147483647;
			files = (
			);
			runOnlyForDeploymentPostprocessing = 0;
		};
		1406F9831CBB0AFF00885698 /* Resources */ = {
			isa = PBXResourcesBuildPhase;
			buildActionMask = 2147483647;
			files = (
			);
			runOnlyForDeploymentPostprocessing = 0;
		};
/* End PBXResourcesBuildPhase section */

/* Begin PBXShellScriptBuildPhase section */
		1475AC521CD504CC00B7A65B /* ShellScript */ = {
			isa = PBXShellScriptBuildPhase;
			buildActionMask = 12;
			files = (
			);
			inputPaths = (
			);
			outputPaths = (
			);
			runOnlyForDeploymentPostprocessing = 0;
			shellPath = /bin/sh;
			shellScript = "if [ \"${CONFIGURATION}\" = \"Debug\" ]; then\nTAGS=\"TODO:|FIXME:|WARNING:\"\necho \"searching ${SRCROOT} for ${TAGS}\"\nfind \"${SRCROOT}\" \\( -name \"*.swift\" \\) -print0 | xargs -0 egrep --with-filename --line-number --only-matching \"($TAGS).*\\$\" | perl -p -e \"s/($TAGS)/ warning: \\$1/\"\nfi";
		};
/* End PBXShellScriptBuildPhase section */

/* Begin PBXSourcesBuildPhase section */
		1406F95F1CBB0AFF00885698 /* Sources */ = {
			isa = PBXSourcesBuildPhase;
			buildActionMask = 2147483647;
			files = (
				1406F9A41CBB124700885698 /* Tune.swift in Sources */,
				1475AC491CCF0E5A00B7A65B /* TuneTableView.swift in Sources */,
				1475AC4D1CD4FEB900B7A65B /* KeychainItem.swift in Sources */,
				1406F9A61CBB132300885698 /* Tag.swift in Sources */,
				14A51F231CBB1ADB00F4E7A4 /* TuneManagerVC.swift in Sources */,
				1475AC4F1CD4FF1C00B7A65B /* KeychainToken.swift in Sources */,
				1475AC471CCC8C8F00B7A65B /* AWS.swift in Sources */,
				1475AC4B1CD4F71900B7A65B /* Keychain.swift in Sources */,
				1475AC441CCAE97300B7A65B /* Spotify.swift in Sources */,
				1475AC421CC8400300B7A65B /* Extensions.swift in Sources */,
				1406F9A81CBB13F500885698 /* Genre.swift in Sources */,
				14A51F251CBB2A5500F4E7A4 /* Constants.swift in Sources */,
				1406F9671CBB0AFF00885698 /* AppDelegate.swift in Sources */,
				1475AC511CD4FF2D00B7A65B /* KaychainCredentials.swift in Sources */,
				1406F96F1CBB0AFF00885698 /* TunetagModel.xcdatamodeld in Sources */,
			);
			runOnlyForDeploymentPostprocessing = 0;
		};
		1406F9761CBB0AFF00885698 /* Sources */ = {
			isa = PBXSourcesBuildPhase;
			buildActionMask = 2147483647;
			files = (
				1406F97F1CBB0AFF00885698 /* TunetagTests.swift in Sources */,
			);
			runOnlyForDeploymentPostprocessing = 0;
		};
		1406F9811CBB0AFF00885698 /* Sources */ = {
			isa = PBXSourcesBuildPhase;
			buildActionMask = 2147483647;
			files = (
				1406F98A1CBB0AFF00885698 /* TunetagUITests.swift in Sources */,
			);
			runOnlyForDeploymentPostprocessing = 0;
		};
/* End PBXSourcesBuildPhase section */

/* Begin PBXTargetDependency section */
		1406F97C1CBB0AFF00885698 /* PBXTargetDependency */ = {
			isa = PBXTargetDependency;
			target = 1406F9621CBB0AFF00885698 /* Tunetag */;
			targetProxy = 1406F97B1CBB0AFF00885698 /* PBXContainerItemProxy */;
		};
		1406F9871CBB0AFF00885698 /* PBXTargetDependency */ = {
			isa = PBXTargetDependency;
			target = 1406F9621CBB0AFF00885698 /* Tunetag */;
			targetProxy = 1406F9861CBB0AFF00885698 /* PBXContainerItemProxy */;
		};
/* End PBXTargetDependency section */

/* Begin PBXVariantGroup section */
		1406F96A1CBB0AFF00885698 /* Main.storyboard */ = {
			isa = PBXVariantGroup;
			children = (
				1406F96B1CBB0AFF00885698 /* Base */,
			);
			name = Main.storyboard;
			sourceTree = "<group>";
		};
		1406F9721CBB0AFF00885698 /* LaunchScreen.storyboard */ = {
			isa = PBXVariantGroup;
			children = (
				1406F9731CBB0AFF00885698 /* Base */,
			);
			name = LaunchScreen.storyboard;
			sourceTree = "<group>";
		};
/* End PBXVariantGroup section */

/* Begin XCBuildConfiguration section */
		1406F98C1CBB0AFF00885698 /* Debug */ = {
			isa = XCBuildConfiguration;
			buildSettings = {
				ALWAYS_SEARCH_USER_PATHS = NO;
				CLANG_ANALYZER_NONNULL = YES;
				CLANG_CXX_LANGUAGE_STANDARD = "gnu++0x";
				CLANG_CXX_LIBRARY = "libc++";
				CLANG_ENABLE_MODULES = YES;
				CLANG_ENABLE_OBJC_ARC = YES;
				CLANG_WARN_BOOL_CONVERSION = YES;
				CLANG_WARN_CONSTANT_CONVERSION = YES;
				CLANG_WARN_DIRECT_OBJC_ISA_USAGE = YES_ERROR;
				CLANG_WARN_EMPTY_BODY = YES;
				CLANG_WARN_ENUM_CONVERSION = YES;
				CLANG_WARN_INFINITE_RECURSION = YES;
				CLANG_WARN_INT_CONVERSION = YES;
				CLANG_WARN_OBJC_ROOT_CLASS = YES_ERROR;
				CLANG_WARN_SUSPICIOUS_MOVE = YES;
				CLANG_WARN_UNREACHABLE_CODE = YES;
				CLANG_WARN__DUPLICATE_METHOD_MATCH = YES;
				"CODE_SIGN_IDENTITY[sdk=iphoneos*]" = "iPhone Developer";
				COPY_PHASE_STRIP = NO;
				DEBUG_INFORMATION_FORMAT = dwarf;
				ENABLE_STRICT_OBJC_MSGSEND = YES;
				ENABLE_TESTABILITY = YES;
				GCC_C_LANGUAGE_STANDARD = gnu99;
				GCC_DYNAMIC_NO_PIC = NO;
				GCC_NO_COMMON_BLOCKS = YES;
				GCC_OPTIMIZATION_LEVEL = 0;
				GCC_PREPROCESSOR_DEFINITIONS = (
					"DEBUG=1",
					"$(inherited)",
				);
				GCC_WARN_64_TO_32_BIT_CONVERSION = YES;
				GCC_WARN_ABOUT_RETURN_TYPE = YES_ERROR;
				GCC_WARN_UNDECLARED_SELECTOR = YES;
				GCC_WARN_UNINITIALIZED_AUTOS = YES_AGGRESSIVE;
				GCC_WARN_UNUSED_FUNCTION = YES;
				GCC_WARN_UNUSED_VARIABLE = YES;
				IPHONEOS_DEPLOYMENT_TARGET = 10.3;
				MTL_ENABLE_DEBUG_INFO = YES;
				ONLY_ACTIVE_ARCH = YES;
				SDKROOT = iphoneos;
				SWIFT_OPTIMIZATION_LEVEL = "-Onone";
				TARGETED_DEVICE_FAMILY = "1,2";
			};
			name = Debug;
		};
		1406F98D1CBB0AFF00885698 /* Release */ = {
			isa = XCBuildConfiguration;
			buildSettings = {
				ALWAYS_SEARCH_USER_PATHS = NO;
				CLANG_ANALYZER_NONNULL = YES;
				CLANG_CXX_LANGUAGE_STANDARD = "gnu++0x";
				CLANG_CXX_LIBRARY = "libc++";
				CLANG_ENABLE_MODULES = YES;
				CLANG_ENABLE_OBJC_ARC = YES;
				CLANG_WARN_BOOL_CONVERSION = YES;
				CLANG_WARN_CONSTANT_CONVERSION = YES;
				CLANG_WARN_DIRECT_OBJC_ISA_USAGE = YES_ERROR;
				CLANG_WARN_EMPTY_BODY = YES;
				CLANG_WARN_ENUM_CONVERSION = YES;
				CLANG_WARN_INFINITE_RECURSION = YES;
				CLANG_WARN_INT_CONVERSION = YES;
				CLANG_WARN_OBJC_ROOT_CLASS = YES_ERROR;
				CLANG_WARN_SUSPICIOUS_MOVE = YES;
				CLANG_WARN_UNREACHABLE_CODE = YES;
				CLANG_WARN__DUPLICATE_METHOD_MATCH = YES;
				"CODE_SIGN_IDENTITY[sdk=iphoneos*]" = "iPhone Developer";
				COPY_PHASE_STRIP = NO;
				DEBUG_INFORMATION_FORMAT = "dwarf-with-dsym";
				ENABLE_NS_ASSERTIONS = NO;
				ENABLE_STRICT_OBJC_MSGSEND = YES;
				GCC_C_LANGUAGE_STANDARD = gnu99;
				GCC_NO_COMMON_BLOCKS = YES;
				GCC_WARN_64_TO_32_BIT_CONVERSION = YES;
				GCC_WARN_ABOUT_RETURN_TYPE = YES_ERROR;
				GCC_WARN_UNDECLARED_SELECTOR = YES;
				GCC_WARN_UNINITIALIZED_AUTOS = YES_AGGRESSIVE;
				GCC_WARN_UNUSED_FUNCTION = YES;
				GCC_WARN_UNUSED_VARIABLE = YES;
				IPHONEOS_DEPLOYMENT_TARGET = 10.3;
				MTL_ENABLE_DEBUG_INFO = NO;
				SDKROOT = iphoneos;
				SWIFT_OPTIMIZATION_LEVEL = "-Owholemodule";
				TARGETED_DEVICE_FAMILY = "1,2";
				VALIDATE_PRODUCT = YES;
			};
			name = Release;
		};
		1406F98F1CBB0AFF00885698 /* Debug */ = {
			isa = XCBuildConfiguration;
			buildSettings = {
				ASSETCATALOG_COMPILER_APPICON_NAME = AppIcon;
				CLANG_ENABLE_MODULES = YES;
				CODE_SIGN_ENTITLEMENTS = Tunetag/Tunetag.entitlements;
				CODE_SIGN_IDENTITY = "iPhone Developer";
				DEFINES_MODULE = YES;
				DEVELOPMENT_TEAM = PTAUHZ2E6Z;
				ENABLE_BITCODE = NO;
				FRAMEWORK_SEARCH_PATHS = (
					"$(inherited)",
					"$(PROJECT_DIR)",
					"$(PROJECT_DIR)/frameworks",
					"$(PROJECT_DIR)/frameworks/extras",
				);
				INFOPLIST_FILE = Tunetag/Info.plist;
				LD_RUNPATH_SEARCH_PATHS = "$(inherited) @executable_path/Frameworks";
				OTHER_LDFLAGS = "-ObjC";
				PRODUCT_BUNDLE_IDENTIFIER = com.seantfitzgerald.Tunetag;
				PRODUCT_NAME = "$(TARGET_NAME)";
				SWIFT_OBJC_BRIDGING_HEADER = "Tunetag/Tunetag-Bridging-Header.h";
				SWIFT_OPTIMIZATION_LEVEL = "-Onone";
				SWIFT_VERSION = 3.0;
				TARGETED_DEVICE_FAMILY = 1;
			};
			name = Debug;
		};
		1406F9901CBB0AFF00885698 /* Release */ = {
			isa = XCBuildConfiguration;
			buildSettings = {
				ASSETCATALOG_COMPILER_APPICON_NAME = AppIcon;
				CLANG_ENABLE_MODULES = YES;
				CODE_SIGN_ENTITLEMENTS = Tunetag/Tunetag.entitlements;
				CODE_SIGN_IDENTITY = "iPhone Developer";
				DEFINES_MODULE = YES;
				DEVELOPMENT_TEAM = PTAUHZ2E6Z;
				ENABLE_BITCODE = NO;
				FRAMEWORK_SEARCH_PATHS = (
					"$(inherited)",
					"$(PROJECT_DIR)",
					"$(PROJECT_DIR)/frameworks",
					"$(PROJECT_DIR)/frameworks/extras",
				);
				INFOPLIST_FILE = Tunetag/Info.plist;
				LD_RUNPATH_SEARCH_PATHS = "$(inherited) @executable_path/Frameworks";
				OTHER_LDFLAGS = "-ObjC";
				PRODUCT_BUNDLE_IDENTIFIER = com.seantfitzgerald.Tunetag;
				PRODUCT_NAME = "$(TARGET_NAME)";
				SWIFT_OBJC_BRIDGING_HEADER = "Tunetag/Tunetag-Bridging-Header.h";
				SWIFT_VERSION = 3.0;
				TARGETED_DEVICE_FAMILY = 1;
			};
			name = Release;
		};
		1406F9921CBB0AFF00885698 /* Debug */ = {
			isa = XCBuildConfiguration;
			buildSettings = {
				BUNDLE_LOADER = "$(TEST_HOST)";
				INFOPLIST_FILE = TunetagTests/Info.plist;
				LD_RUNPATH_SEARCH_PATHS = "$(inherited) @executable_path/Frameworks @loader_path/Frameworks";
				PRODUCT_BUNDLE_IDENTIFIER = com.seantfitzgerald.TunetagTests;
				PRODUCT_NAME = "$(TARGET_NAME)";
				SWIFT_VERSION = 3.0;
				TEST_HOST = "$(BUILT_PRODUCTS_DIR)/Tunetag.app/Tunetag";
			};
			name = Debug;
		};
		1406F9931CBB0AFF00885698 /* Release */ = {
			isa = XCBuildConfiguration;
			buildSettings = {
				BUNDLE_LOADER = "$(TEST_HOST)";
				INFOPLIST_FILE = TunetagTests/Info.plist;
				LD_RUNPATH_SEARCH_PATHS = "$(inherited) @executable_path/Frameworks @loader_path/Frameworks";
				PRODUCT_BUNDLE_IDENTIFIER = com.seantfitzgerald.TunetagTests;
				PRODUCT_NAME = "$(TARGET_NAME)";
				SWIFT_VERSION = 3.0;
				TEST_HOST = "$(BUILT_PRODUCTS_DIR)/Tunetag.app/Tunetag";
			};
			name = Release;
		};
		1406F9951CBB0AFF00885698 /* Debug */ = {
			isa = XCBuildConfiguration;
			buildSettings = {
				INFOPLIST_FILE = TunetagUITests/Info.plist;
				LD_RUNPATH_SEARCH_PATHS = "$(inherited) @executable_path/Frameworks @loader_path/Frameworks";
				PRODUCT_BUNDLE_IDENTIFIER = com.seantfitzgerald.TunetagUITests;
				PRODUCT_NAME = "$(TARGET_NAME)";
				SWIFT_VERSION = 3.0;
				TEST_TARGET_NAME = Tunetag;
			};
			name = Debug;
		};
		1406F9961CBB0AFF00885698 /* Release */ = {
			isa = XCBuildConfiguration;
			buildSettings = {
				INFOPLIST_FILE = TunetagUITests/Info.plist;
				LD_RUNPATH_SEARCH_PATHS = "$(inherited) @executable_path/Frameworks @loader_path/Frameworks";
				PRODUCT_BUNDLE_IDENTIFIER = com.seantfitzgerald.TunetagUITests;
				PRODUCT_NAME = "$(TARGET_NAME)";
				SWIFT_VERSION = 3.0;
				TEST_TARGET_NAME = Tunetag;
			};
			name = Release;
		};
/* End XCBuildConfiguration section */

/* Begin XCConfigurationList section */
		1406F95E1CBB0AFF00885698 /* Build configuration list for PBXProject "Tunetag" */ = {
			isa = XCConfigurationList;
			buildConfigurations = (
				1406F98C1CBB0AFF00885698 /* Debug */,
				1406F98D1CBB0AFF00885698 /* Release */,
			);
			defaultConfigurationIsVisible = 0;
			defaultConfigurationName = Release;
		};
		1406F98E1CBB0AFF00885698 /* Build configuration list for PBXNativeTarget "Tunetag" */ = {
			isa = XCConfigurationList;
			buildConfigurations = (
				1406F98F1CBB0AFF00885698 /* Debug */,
				1406F9901CBB0AFF00885698 /* Release */,
			);
			defaultConfigurationIsVisible = 0;
			defaultConfigurationName = Release;
		};
		1406F9911CBB0AFF00885698 /* Build configuration list for PBXNativeTarget "TunetagTests" */ = {
			isa = XCConfigurationList;
			buildConfigurations = (
				1406F9921CBB0AFF00885698 /* Debug */,
				1406F9931CBB0AFF00885698 /* Release */,
			);
			defaultConfigurationIsVisible = 0;
			defaultConfigurationName = Release;
		};
		1406F9941CBB0AFF00885698 /* Build configuration list for PBXNativeTarget "TunetagUITests" */ = {
			isa = XCConfigurationList;
			buildConfigurations = (
				1406F9951CBB0AFF00885698 /* Debug */,
				1406F9961CBB0AFF00885698 /* Release */,
			);
			defaultConfigurationIsVisible = 0;
			defaultConfigurationName = Release;
		};
/* End XCConfigurationList section */

/* Begin XCVersionGroup section */
		1406F96D1CBB0AFF00885698 /* TunetagModel.xcdatamodeld */ = {
			isa = XCVersionGroup;
			children = (
				1406F96E1CBB0AFF00885698 /* Tunetag.xcdatamodel */,
			);
			currentVersion = 1406F96E1CBB0AFF00885698 /* Tunetag.xcdatamodel */;
			name = TunetagModel.xcdatamodeld;
			path = Tunetag.xcdatamodeld;
			sourceTree = "<group>";
			versionGroupType = wrapper.xcdatamodel;
		};
/* End XCVersionGroup section */
	};
	rootObject = 1406F95B1CBB0AFF00885698 /* Project object */;
}
